
Microsoft Visual Studio Solution File, Format Version 12.00
# Visual Studio Version 17
VisualStudioVersion = 17.4.33213.308
MinimumVisualStudioVersion = 10.0.40219.1
Project("{9A19103F-16F7-4668-BE54-9A1E7A4F7556}") = "KamchatkaTravel.Domain", "KamchatkaTravel.Domain\KamchatkaTravel.Domain.csproj", "{AF7640FB-F8C0-4C77-A3FC-11D9135D8322}"
EndProject
Project("{9A19103F-16F7-4668-BE54-9A1E7A4F7556}") = "KamchatkaTravel.Domain.Shared", "KamchatkaTravel.Domain.Shared\KamchatkaTravel.Domain.Shared.csproj", "{2CA3823B-80E6-4AFB-B6B1-C6949429A008}"
EndProject
Project("{9A19103F-16F7-4668-BE54-9A1E7A4F7556}") = "KamchatkaTravel.Application", "KamchatkaTravel.Application\KamchatkaTravel.Application.csproj", "{40BA0E55-3F8D-48EA-BFEF-7886B8DC16B6}"
EndProject
Project("{9A19103F-16F7-4668-BE54-9A1E7A4F7556}") = "KamchatkaTravel.Application.Contracts", "KamchatkaTravel.Application.Contracts\KamchatkaTravel.Application.Contracts.csproj", "{0A50FC23-38B0-48AD-979E-656E915B5CA0}"
EndProject
Project("{9A19103F-16F7-4668-BE54-9A1E7A4F7556}") = "KamchatkaTravel.EntityFrameworkCore", "KamchatkaTravel.EntityFrameworkCore\KamchatkaTravel.EntityFrameworkCore.csproj", "{5460627E-CC26-41A6-871D-551188A839DB}"
EndProject
Project("{9A19103F-16F7-4668-BE54-9A1E7A4F7556}") = "KamchatkaTravel.Web", "KamchatkaTravel.Web\KamchatkaTravel.Web.csproj", "{FB076ECE-C98B-481C-86EF-F6999BC681AF}"
EndProject
Project("{9A19103F-16F7-4668-BE54-9A1E7A4F7556}") = "KamchatkaTravel.WebDashboard", "KamchatkaTravel.WebDashboard\KamchatkaTravel.WebDashboard.csproj", "{1B8F5C16-9DEF-4F3E-AE9A-3C64AB12F617}"
EndProject
Project("{9A19103F-16F7-4668-BE54-9A1E7A4F7556}") = "KamchatkaTravel.Identity", "KamchatkaTravel.Identity\KamchatkaTravel.Identity.csproj", "{E5715A4F-86C7-4BEB-95BD-E8C9291F25F6}"
EndProject
Project("{E53339B2-1760-4266-BCC7-CA923CBCF16C}") = "docker-compose", "docker-compose.dcproj", "{7E127D5A-579E-4A70-97FA-86FBBB251E25}"
EndProject
Project("{9A19103F-16F7-4668-BE54-9A1E7A4F7556}") = "KamchatkaTravel.Application.MongoDb", "KamchatkaTravel.Application.MongoDb\KamchatkaTravel.Application.MongoDb.csproj", "{8158426D-2BBF-4652-9477-C9FD0E67B1DC}"
EndProject
Project("{9A19103F-16F7-4668-BE54-9A1E7A4F7556}") = "KamchatkaTravel.Web.Tests", "KamchatkaTravel.Web.Tests\KamchatkaTravel.Web.Tests.csproj", "{951A64C6-9A88-4A20-8EC8-D35CA8076096}"
EndProject
Project("{9A19103F-16F7-4668-BE54-9A1E7A4F7556}") = "KamchatkaTravel.TelegramApi", "KamchatkaTravel.TelegramApi\KamchatkaTravel.TelegramApi.csproj", "{1A3B6467-8321-476D-BC93-4E703441329A}"
EndProject
Project("{54A90642-561A-4BB1-A94E-469ADEE60C69}") = "KamchatkaTravel.Web.Client", "KamchatkaTravel.WebVue\vueapp\KamchatkaTravel.Web.Client.esproj", "{3580915F-06D0-45DA-B6A3-E6FF773C5DFF}"
EndProject
Project("{9A19103F-16F7-4668-BE54-9A1E7A4F7556}") = "KamchatkaTravel.Web.Server", "KamchatkaTravel.WebVue\webapi\KamchatkaTravel.Web.Server.csproj", "{7C28CA24-3400-4841-A00B-0B2CED8F9A32}"
EndProject
Global
	GlobalSection(SolutionConfigurationPlatforms) = preSolution
		Debug|Any CPU = Debug|Any CPU
		Release|Any CPU = Release|Any CPU
	EndGlobalSection
	GlobalSection(ProjectConfigurationPlatforms) = postSolution
		{AF7640FB-F8C0-4C77-A3FC-11D9135D8322}.Debug|Any CPU.ActiveCfg = Debug|Any CPU
		{AF7640FB-F8C0-4C77-A3FC-11D9135D8322}.Debug|Any CPU.Build.0 = Debug|Any CPU
		{AF7640FB-F8C0-4C77-A3FC-11D9135D8322}.Release|Any CPU.ActiveCfg = Release|Any CPU
		{AF7640FB-F8C0-4C77-A3FC-11D9135D8322}.Release|Any CPU.Build.0 = Release|Any CPU
		{2CA3823B-80E6-4AFB-B6B1-C6949429A008}.Debug|Any CPU.ActiveCfg = Debug|Any CPU
		{2CA3823B-80E6-4AFB-B6B1-C6949429A008}.Debug|Any CPU.Build.0 = Debug|Any CPU
		{2CA3823B-80E6-4AFB-B6B1-C6949429A008}.Release|Any CPU.ActiveCfg = Release|Any CPU
		{2CA3823B-80E6-4AFB-B6B1-C6949429A008}.Release|Any CPU.Build.0 = Release|Any CPU
		{40BA0E55-3F8D-48EA-BFEF-7886B8DC16B6}.Debug|Any CPU.ActiveCfg = Debug|Any CPU
		{40BA0E55-3F8D-48EA-BFEF-7886B8DC16B6}.Debug|Any CPU.Build.0 = Debug|Any CPU
		{40BA0E55-3F8D-48EA-BFEF-7886B8DC16B6}.Release|Any CPU.ActiveCfg = Release|Any CPU
		{40BA0E55-3F8D-48EA-BFEF-7886B8DC16B6}.Release|Any CPU.Build.0 = Release|Any CPU
		{0A50FC23-38B0-48AD-979E-656E915B5CA0}.Debug|Any CPU.ActiveCfg = Debug|Any CPU
		{0A50FC23-38B0-48AD-979E-656E915B5CA0}.Debug|Any CPU.Build.0 = Debug|Any CPU
		{0A50FC23-38B0-48AD-979E-656E915B5CA0}.Release|Any CPU.ActiveCfg = Release|Any CPU
		{0A50FC23-38B0-48AD-979E-656E915B5CA0}.Release|Any CPU.Build.0 = Release|Any CPU
		{5460627E-CC26-41A6-871D-551188A839DB}.Debug|Any CPU.ActiveCfg = Debug|Any CPU
		{5460627E-CC26-41A6-871D-551188A839DB}.Debug|Any CPU.Build.0 = Debug|Any CPU
		{5460627E-CC26-41A6-871D-551188A839DB}.Release|Any CPU.ActiveCfg = Release|Any CPU
		{5460627E-CC26-41A6-871D-551188A839DB}.Release|Any CPU.Build.0 = Release|Any CPU
		{FB076ECE-C98B-481C-86EF-F6999BC681AF}.Debug|Any CPU.ActiveCfg = Debug|Any CPU
		{FB076ECE-C98B-481C-86EF-F6999BC681AF}.Debug|Any CPU.Build.0 = Debug|Any CPU
		{FB076ECE-C98B-481C-86EF-F6999BC681AF}.Release|Any CPU.ActiveCfg = Release|Any CPU
		{FB076ECE-C98B-481C-86EF-F6999BC681AF}.Release|Any CPU.Build.0 = Release|Any CPU
		{1B8F5C16-9DEF-4F3E-AE9A-3C64AB12F617}.Debug|Any CPU.ActiveCfg = Debug|Any CPU
		{1B8F5C16-9DEF-4F3E-AE9A-3C64AB12F617}.Debug|Any CPU.Build.0 = Debug|Any CPU
		{1B8F5C16-9DEF-4F3E-AE9A-3C64AB12F617}.Release|Any CPU.ActiveCfg = Release|Any CPU
		{1B8F5C16-9DEF-4F3E-AE9A-3C64AB12F617}.Release|Any CPU.Build.0 = Release|Any CPU
		{E5715A4F-86C7-4BEB-95BD-E8C9291F25F6}.Debug|Any CPU.ActiveCfg = Debug|Any CPU
		{E5715A4F-86C7-4BEB-95BD-E8C9291F25F6}.Debug|Any CPU.Build.0 = Debug|Any CPU
		{E5715A4F-86C7-4BEB-95BD-E8C9291F25F6}.Release|Any CPU.ActiveCfg = Release|Any CPU
		{E5715A4F-86C7-4BEB-95BD-E8C9291F25F6}.Release|Any CPU.Build.0 = Release|Any CPU
		{7E127D5A-579E-4A70-97FA-86FBBB251E25}.Debug|Any CPU.ActiveCfg = Debug|Any CPU
		{7E127D5A-579E-4A70-97FA-86FBBB251E25}.Debug|Any CPU.Build.0 = Debug|Any CPU
		{7E127D5A-579E-4A70-97FA-86FBBB251E25}.Release|Any CPU.ActiveCfg = Release|Any CPU
		{7E127D5A-579E-4A70-97FA-86FBBB251E25}.Release|Any CPU.Build.0 = Release|Any CPU
		{8158426D-2BBF-4652-9477-C9FD0E67B1DC}.Debug|Any CPU.ActiveCfg = Debug|Any CPU
		{8158426D-2BBF-4652-9477-C9FD0E67B1DC}.Debug|Any CPU.Build.0 = Debug|Any CPU
		{8158426D-2BBF-4652-9477-C9FD0E67B1DC}.Release|Any CPU.ActiveCfg = Release|Any CPU
		{8158426D-2BBF-4652-9477-C9FD0E67B1DC}.Release|Any CPU.Build.0 = Release|Any CPU
		{951A64C6-9A88-4A20-8EC8-D35CA8076096}.Debug|Any CPU.ActiveCfg = Debug|Any CPU
		{951A64C6-9A88-4A20-8EC8-D35CA8076096}.Debug|Any CPU.Build.0 = Debug|Any CPU
		{951A64C6-9A88-4A20-8EC8-D35CA8076096}.Release|Any CPU.ActiveCfg = Release|Any CPU
		{951A64C6-9A88-4A20-8EC8-D35CA8076096}.Release|Any CPU.Build.0 = Release|Any CPU
		{1A3B6467-8321-476D-BC93-4E703441329A}.Debug|Any CPU.ActiveCfg = Debug|Any CPU
		{1A3B6467-8321-476D-BC93-4E703441329A}.Debug|Any CPU.Build.0 = Debug|Any CPU
		{1A3B6467-8321-476D-BC93-4E703441329A}.Release|Any CPU.ActiveCfg = Release|Any CPU
		{1A3B6467-8321-476D-BC93-4E703441329A}.Release|Any CPU.Build.0 = Release|Any CPU
		{3580915F-06D0-45DA-B6A3-E6FF773C5DFF}.Debug|Any CPU.ActiveCfg = Debug|Any CPU
		{3580915F-06D0-45DA-B6A3-E6FF773C5DFF}.Debug|Any CPU.Build.0 = Debug|Any CPU
		{3580915F-06D0-45DA-B6A3-E6FF773C5DFF}.Debug|Any CPU.Deploy.0 = Debug|Any CPU
		{3580915F-06D0-45DA-B6A3-E6FF773C5DFF}.Release|Any CPU.ActiveCfg = Release|Any CPU
		{3580915F-06D0-45DA-B6A3-E6FF773C5DFF}.Release|Any CPU.Build.0 = Release|Any CPU
		{3580915F-06D0-45DA-B6A3-E6FF773C5DFF}.Release|Any CPU.Deploy.0 = Release|Any CPU
		{7C28CA24-3400-4841-A00B-0B2CED8F9A32}.Debug|Any CPU.ActiveCfg = Debug|Any CPU
		{7C28CA24-3400-4841-A00B-0B2CED8F9A32}.Debug|Any CPU.Build.0 = Debug|Any CPU
		{7C28CA24-3400-4841-A00B-0B2CED8F9A32}.Release|Any CPU.ActiveCfg = Release|Any CPU
		{7C28CA24-3400-4841-A00B-0B2CED8F9A32}.Release|Any CPU.Build.0 = Release|Any CPU
	EndGlobalSection
	GlobalSection(SolutionProperties) = preSolution
		HideSolutionNode = FALSE
	EndGlobalSection
	GlobalSection(ExtensibilityGlobals) = postSolution
		SolutionGuid = {8A9AB8DB-F148-4C65-BC5D-20AA639687FB}
	EndGlobalSection
EndGlobal
